
Microsoft Visual Studio Solution File, Format Version 12.00
# Visual Studio Version 17
VisualStudioVersion = 17.1.32328.378
MinimumVisualStudioVersion = 10.0.40219.1
Project("{2150E333-8FDC-42A3-9474-1A3956D46DE8}") = "Business", "Business", "{023E5DAD-7CEE-4441-B42C-74199797B089}"
EndProject
Project("{2150E333-8FDC-42A3-9474-1A3956D46DE8}") = "Resources", "Resources", "{73BEDDEC-1CEB-4FF4-B0C8-B49A08E389BF}"
EndProject
Project("{2150E333-8FDC-42A3-9474-1A3956D46DE8}") = "Cross", "Cross", "{2E894437-AE9C-4B34-B6CC-2F0406D8E58B}"
EndProject
Project("{9A19103F-16F7-4668-BE54-9A1E7A4F7556}") = "Cross.Abstractions", "Cross\Abstractions\Cross.Abstractions.csproj", "{647E40D2-FF3E-4FED-8D97-60F7473FDE2C}"
EndProject
Project("{9A19103F-16F7-4668-BE54-9A1E7A4F7556}") = "Cross.Entities", "Cross\Entities\Cross.Entities.csproj", "{5E518EB0-A404-4738-889B-A753499FE181}"
EndProject
Project("{9A19103F-16F7-4668-BE54-9A1E7A4F7556}") = "Cross.Extensions", "Cross\Extensions\Cross.Extensions.csproj", "{B3F97B1C-7932-4B20-B71E-4D3EEF153002}"
EndProject
Project("{9A19103F-16F7-4668-BE54-9A1E7A4F7556}") = "Cross.Logic", "Cross\Logic\Cross.Logic.csproj", "{1B930D4A-F522-4B70-859B-0CD1E4BB990D}"
EndProject
Project("{9A19103F-16F7-4668-BE54-9A1E7A4F7556}") = "Cross.Tests", "Cross\Tests\Cross.Tests.csproj", "{2DDB707B-019D-4C42-AC10-12606CC0CB19}"
EndProject
Project("{9A19103F-16F7-4668-BE54-9A1E7A4F7556}") = "Cross.Exceptions", "Cross\Exceptions\Cross.Exceptions.csproj", "{AB498A50-394C-4043-AE31-D7A01E8E4546}"
EndProject
Project("{9A19103F-16F7-4668-BE54-9A1E7A4F7556}") = "Resources.Abstractions", "Resources\Abstractions\Resources.Abstractions.csproj", "{655BB08B-F9E0-4FDE-879E-799CA7131DB1}"
EndProject
Project("{9A19103F-16F7-4668-BE54-9A1E7A4F7556}") = "Resources.Abstractions.Entities", "Resources\Abstractions\Entities\Resources.Abstractions.Entities.csproj", "{0C022D0C-B1A8-4ACD-AA91-60BE7A48F579}"
EndProject
Project("{9A19103F-16F7-4668-BE54-9A1E7A4F7556}") = "Resources.Entities", "Resources\Entities\Resources.Entities.csproj", "{4241EF72-D284-4F6D-B8F5-E9D07E72EE8A}"
EndProject
Project("{00D1A9C2-B5F0-4AF3-8072-F6C62B433612}") = "Resources.DataBase", "Resources\DataBase\Resources.DataBase.sqlproj", "{F95BAFE8-05DC-4508-B9BF-1A635E39A6C1}"
EndProject
Project("{9A19103F-16F7-4668-BE54-9A1E7A4F7556}") = "Resources", "Resources\Resources.csproj", "{70FD28EC-C3C6-43BD-B392-BC1A4925467A}"
EndProject
Project("{9A19103F-16F7-4668-BE54-9A1E7A4F7556}") = "Resources.Entities.Tests", "Resources\Entities\Tests\Resources.Entities.Tests.csproj", "{486B2988-EAB5-4884-A0C5-976700AFD718}"
EndProject
Project("{9A19103F-16F7-4668-BE54-9A1E7A4F7556}") = "Business.Abstractions", "Business\Abstractions\Business.Abstractions.csproj", "{B3B096CE-B015-406D-AD71-7969D3B3CF5F}"
EndProject
Project("{9A19103F-16F7-4668-BE54-9A1E7A4F7556}") = "Business.Entities", "Business\Entities\Business.Entities.csproj", "{F1A33DF1-98CE-4A17-90C0-0BB00B0AB514}"
EndProject
Project("{9A19103F-16F7-4668-BE54-9A1E7A4F7556}") = "Business", "Business\Business.csproj", "{E74B85A1-4EED-4992-8B36-7FE3A6D95B55}"
EndProject
Project("{9A19103F-16F7-4668-BE54-9A1E7A4F7556}") = "Business.Tests", "Business\Tests\Business.Tests.csproj", "{CF592CB9-B952-4E1C-BB1A-A3DAA0E207B4}"
EndProject
Project("{9A19103F-16F7-4668-BE54-9A1E7A4F7556}") = "API", "API.csproj", "{F16772EC-E374-4952-8BFC-1AF12EC59737}"
EndProject
Project("{9A19103F-16F7-4668-BE54-9A1E7A4F7556}") = "Business.Abstractions.Entities", "Business\Abstractions\Business.Abstractions.Entities\Business.Abstractions.Entities.csproj", "{4205299A-5874-4505-AFA5-D4DAE100E729}"
EndProject
Project("{9A19103F-16F7-4668-BE54-9A1E7A4F7556}") = "Business.Entities.Tests", "Business\Entities\Tests\Business.Entities.Tests\Business.Entities.Tests.csproj", "{088A2078-0B0F-46DA-A0B0-1B2F5DA7FD23}"
EndProject
Global
	GlobalSection(SolutionConfigurationPlatforms) = preSolution
		Debug|Any CPU = Debug|Any CPU
		Release|Any CPU = Release|Any CPU
	EndGlobalSection
	GlobalSection(ProjectConfigurationPlatforms) = postSolution
		{647E40D2-FF3E-4FED-8D97-60F7473FDE2C}.Debug|Any CPU.ActiveCfg = Debug|Any CPU
		{647E40D2-FF3E-4FED-8D97-60F7473FDE2C}.Debug|Any CPU.Build.0 = Debug|Any CPU
		{647E40D2-FF3E-4FED-8D97-60F7473FDE2C}.Release|Any CPU.ActiveCfg = Release|Any CPU
		{647E40D2-FF3E-4FED-8D97-60F7473FDE2C}.Release|Any CPU.Build.0 = Release|Any CPU
		{5E518EB0-A404-4738-889B-A753499FE181}.Debug|Any CPU.ActiveCfg = Debug|Any CPU
		{5E518EB0-A404-4738-889B-A753499FE181}.Debug|Any CPU.Build.0 = Debug|Any CPU
		{5E518EB0-A404-4738-889B-A753499FE181}.Release|Any CPU.ActiveCfg = Release|Any CPU
		{5E518EB0-A404-4738-889B-A753499FE181}.Release|Any CPU.Build.0 = Release|Any CPU
		{B3F97B1C-7932-4B20-B71E-4D3EEF153002}.Debug|Any CPU.ActiveCfg = Debug|Any CPU
		{B3F97B1C-7932-4B20-B71E-4D3EEF153002}.Debug|Any CPU.Build.0 = Debug|Any CPU
		{B3F97B1C-7932-4B20-B71E-4D3EEF153002}.Release|Any CPU.ActiveCfg = Release|Any CPU
		{B3F97B1C-7932-4B20-B71E-4D3EEF153002}.Release|Any CPU.Build.0 = Release|Any CPU
		{1B930D4A-F522-4B70-859B-0CD1E4BB990D}.Debug|Any CPU.ActiveCfg = Debug|Any CPU
		{1B930D4A-F522-4B70-859B-0CD1E4BB990D}.Debug|Any CPU.Build.0 = Debug|Any CPU
		{1B930D4A-F522-4B70-859B-0CD1E4BB990D}.Release|Any CPU.ActiveCfg = Release|Any CPU
		{1B930D4A-F522-4B70-859B-0CD1E4BB990D}.Release|Any CPU.Build.0 = Release|Any CPU
		{2DDB707B-019D-4C42-AC10-12606CC0CB19}.Debug|Any CPU.ActiveCfg = Debug|Any CPU
		{2DDB707B-019D-4C42-AC10-12606CC0CB19}.Debug|Any CPU.Build.0 = Debug|Any CPU
		{2DDB707B-019D-4C42-AC10-12606CC0CB19}.Release|Any CPU.ActiveCfg = Release|Any CPU
		{2DDB707B-019D-4C42-AC10-12606CC0CB19}.Release|Any CPU.Build.0 = Release|Any CPU
		{AB498A50-394C-4043-AE31-D7A01E8E4546}.Debug|Any CPU.ActiveCfg = Debug|Any CPU
		{AB498A50-394C-4043-AE31-D7A01E8E4546}.Debug|Any CPU.Build.0 = Debug|Any CPU
		{AB498A50-394C-4043-AE31-D7A01E8E4546}.Release|Any CPU.ActiveCfg = Release|Any CPU
		{AB498A50-394C-4043-AE31-D7A01E8E4546}.Release|Any CPU.Build.0 = Release|Any CPU
		{655BB08B-F9E0-4FDE-879E-799CA7131DB1}.Debug|Any CPU.ActiveCfg = Debug|Any CPU
		{655BB08B-F9E0-4FDE-879E-799CA7131DB1}.Debug|Any CPU.Build.0 = Debug|Any CPU
		{655BB08B-F9E0-4FDE-879E-799CA7131DB1}.Release|Any CPU.ActiveCfg = Release|Any CPU
		{655BB08B-F9E0-4FDE-879E-799CA7131DB1}.Release|Any CPU.Build.0 = Release|Any CPU
		{0C022D0C-B1A8-4ACD-AA91-60BE7A48F579}.Debug|Any CPU.ActiveCfg = Debug|Any CPU
		{0C022D0C-B1A8-4ACD-AA91-60BE7A48F579}.Debug|Any CPU.Build.0 = Debug|Any CPU
		{0C022D0C-B1A8-4ACD-AA91-60BE7A48F579}.Release|Any CPU.ActiveCfg = Release|Any CPU
		{0C022D0C-B1A8-4ACD-AA91-60BE7A48F579}.Release|Any CPU.Build.0 = Release|Any CPU
		{4241EF72-D284-4F6D-B8F5-E9D07E72EE8A}.Debug|Any CPU.ActiveCfg = Debug|Any CPU
		{4241EF72-D284-4F6D-B8F5-E9D07E72EE8A}.Debug|Any CPU.Build.0 = Debug|Any CPU
		{4241EF72-D284-4F6D-B8F5-E9D07E72EE8A}.Release|Any CPU.ActiveCfg = Release|Any CPU
		{4241EF72-D284-4F6D-B8F5-E9D07E72EE8A}.Release|Any CPU.Build.0 = Release|Any CPU
		{F95BAFE8-05DC-4508-B9BF-1A635E39A6C1}.Debug|Any CPU.ActiveCfg = Debug|Any CPU
		{F95BAFE8-05DC-4508-B9BF-1A635E39A6C1}.Debug|Any CPU.Build.0 = Debug|Any CPU
		{F95BAFE8-05DC-4508-B9BF-1A635E39A6C1}.Debug|Any CPU.Deploy.0 = Debug|Any CPU
		{F95BAFE8-05DC-4508-B9BF-1A635E39A6C1}.Release|Any CPU.ActiveCfg = Release|Any CPU
		{F95BAFE8-05DC-4508-B9BF-1A635E39A6C1}.Release|Any CPU.Build.0 = Release|Any CPU
		{F95BAFE8-05DC-4508-B9BF-1A635E39A6C1}.Release|Any CPU.Deploy.0 = Release|Any CPU
		{70FD28EC-C3C6-43BD-B392-BC1A4925467A}.Debug|Any CPU.ActiveCfg = Debug|Any CPU
		{70FD28EC-C3C6-43BD-B392-BC1A4925467A}.Debug|Any CPU.Build.0 = Debug|Any CPU
		{70FD28EC-C3C6-43BD-B392-BC1A4925467A}.Release|Any CPU.ActiveCfg = Release|Any CPU
		{70FD28EC-C3C6-43BD-B392-BC1A4925467A}.Release|Any CPU.Build.0 = Release|Any CPU
		{486B2988-EAB5-4884-A0C5-976700AFD718}.Debug|Any CPU.ActiveCfg = Debug|Any CPU
		{486B2988-EAB5-4884-A0C5-976700AFD718}.Debug|Any CPU.Build.0 = Debug|Any CPU
		{486B2988-EAB5-4884-A0C5-976700AFD718}.Release|Any CPU.ActiveCfg = Release|Any CPU
		{486B2988-EAB5-4884-A0C5-976700AFD718}.Release|Any CPU.Build.0 = Release|Any CPU
		{B3B096CE-B015-406D-AD71-7969D3B3CF5F}.Debug|Any CPU.ActiveCfg = Debug|Any CPU
		{B3B096CE-B015-406D-AD71-7969D3B3CF5F}.Debug|Any CPU.Build.0 = Debug|Any CPU
		{B3B096CE-B015-406D-AD71-7969D3B3CF5F}.Release|Any CPU.ActiveCfg = Release|Any CPU
		{B3B096CE-B015-406D-AD71-7969D3B3CF5F}.Release|Any CPU.Build.0 = Release|Any CPU
		{F1A33DF1-98CE-4A17-90C0-0BB00B0AB514}.Debug|Any CPU.ActiveCfg = Debug|Any CPU
		{F1A33DF1-98CE-4A17-90C0-0BB00B0AB514}.Debug|Any CPU.Build.0 = Debug|Any CPU
		{F1A33DF1-98CE-4A17-90C0-0BB00B0AB514}.Release|Any CPU.ActiveCfg = Release|Any CPU
		{F1A33DF1-98CE-4A17-90C0-0BB00B0AB514}.Release|Any CPU.Build.0 = Release|Any CPU
		{E74B85A1-4EED-4992-8B36-7FE3A6D95B55}.Debug|Any CPU.ActiveCfg = Debug|Any CPU
		{E74B85A1-4EED-4992-8B36-7FE3A6D95B55}.Debug|Any CPU.Build.0 = Debug|Any CPU
		{E74B85A1-4EED-4992-8B36-7FE3A6D95B55}.Release|Any CPU.ActiveCfg = Release|Any CPU
		{E74B85A1-4EED-4992-8B36-7FE3A6D95B55}.Release|Any CPU.Build.0 = Release|Any CPU
		{CF592CB9-B952-4E1C-BB1A-A3DAA0E207B4}.Debug|Any CPU.ActiveCfg = Debug|Any CPU
		{CF592CB9-B952-4E1C-BB1A-A3DAA0E207B4}.Debug|Any CPU.Build.0 = Debug|Any CPU
		{CF592CB9-B952-4E1C-BB1A-A3DAA0E207B4}.Release|Any CPU.ActiveCfg = Release|Any CPU
		{CF592CB9-B952-4E1C-BB1A-A3DAA0E207B4}.Release|Any CPU.Build.0 = Release|Any CPU
		{F16772EC-E374-4952-8BFC-1AF12EC59737}.Debug|Any CPU.ActiveCfg = Debug|Any CPU
		{F16772EC-E374-4952-8BFC-1AF12EC59737}.Debug|Any CPU.Build.0 = Debug|Any CPU
		{F16772EC-E374-4952-8BFC-1AF12EC59737}.Release|Any CPU.ActiveCfg = Release|Any CPU
		{F16772EC-E374-4952-8BFC-1AF12EC59737}.Release|Any CPU.Build.0 = Release|Any CPU
		{4205299A-5874-4505-AFA5-D4DAE100E729}.Debug|Any CPU.ActiveCfg = Debug|Any CPU
		{4205299A-5874-4505-AFA5-D4DAE100E729}.Debug|Any CPU.Build.0 = Debug|Any CPU
		{4205299A-5874-4505-AFA5-D4DAE100E729}.Release|Any CPU.ActiveCfg = Release|Any CPU
		{4205299A-5874-4505-AFA5-D4DAE100E729}.Release|Any CPU.Build.0 = Release|Any CPU
		{088A2078-0B0F-46DA-A0B0-1B2F5DA7FD23}.Debug|Any CPU.ActiveCfg = Debug|Any CPU
		{088A2078-0B0F-46DA-A0B0-1B2F5DA7FD23}.Debug|Any CPU.Build.0 = Debug|Any CPU
		{088A2078-0B0F-46DA-A0B0-1B2F5DA7FD23}.Release|Any CPU.ActiveCfg = Release|Any CPU
		{088A2078-0B0F-46DA-A0B0-1B2F5DA7FD23}.Release|Any CPU.Build.0 = Release|Any CPU
	EndGlobalSection
	GlobalSection(SolutionProperties) = preSolution
		HideSolutionNode = FALSE
	EndGlobalSection
	GlobalSection(NestedProjects) = preSolution
		{647E40D2-FF3E-4FED-8D97-60F7473FDE2C} = {2E894437-AE9C-4B34-B6CC-2F0406D8E58B}
		{5E518EB0-A404-4738-889B-A753499FE181} = {2E894437-AE9C-4B34-B6CC-2F0406D8E58B}
		{B3F97B1C-7932-4B20-B71E-4D3EEF153002} = {2E894437-AE9C-4B34-B6CC-2F0406D8E58B}
		{1B930D4A-F522-4B70-859B-0CD1E4BB990D} = {2E894437-AE9C-4B34-B6CC-2F0406D8E58B}
		{2DDB707B-019D-4C42-AC10-12606CC0CB19} = {2E894437-AE9C-4B34-B6CC-2F0406D8E58B}
		{AB498A50-394C-4043-AE31-D7A01E8E4546} = {2E894437-AE9C-4B34-B6CC-2F0406D8E58B}
		{655BB08B-F9E0-4FDE-879E-799CA7131DB1} = {73BEDDEC-1CEB-4FF4-B0C8-B49A08E389BF}
		{0C022D0C-B1A8-4ACD-AA91-60BE7A48F579} = {73BEDDEC-1CEB-4FF4-B0C8-B49A08E389BF}
		{4241EF72-D284-4F6D-B8F5-E9D07E72EE8A} = {73BEDDEC-1CEB-4FF4-B0C8-B49A08E389BF}
		{F95BAFE8-05DC-4508-B9BF-1A635E39A6C1} = {73BEDDEC-1CEB-4FF4-B0C8-B49A08E389BF}
		{70FD28EC-C3C6-43BD-B392-BC1A4925467A} = {73BEDDEC-1CEB-4FF4-B0C8-B49A08E389BF}
		{486B2988-EAB5-4884-A0C5-976700AFD718} = {73BEDDEC-1CEB-4FF4-B0C8-B49A08E389BF}
		{B3B096CE-B015-406D-AD71-7969D3B3CF5F} = {023E5DAD-7CEE-4441-B42C-74199797B089}
		{F1A33DF1-98CE-4A17-90C0-0BB00B0AB514} = {023E5DAD-7CEE-4441-B42C-74199797B089}
		{E74B85A1-4EED-4992-8B36-7FE3A6D95B55} = {023E5DAD-7CEE-4441-B42C-74199797B089}
		{CF592CB9-B952-4E1C-BB1A-A3DAA0E207B4} = {023E5DAD-7CEE-4441-B42C-74199797B089}
		{4205299A-5874-4505-AFA5-D4DAE100E729} = {023E5DAD-7CEE-4441-B42C-74199797B089}
		{088A2078-0B0F-46DA-A0B0-1B2F5DA7FD23} = {023E5DAD-7CEE-4441-B42C-74199797B089}
	EndGlobalSection
	GlobalSection(ExtensibilityGlobals) = postSolution
		SolutionGuid = {0C275D9D-2019-46F1-818C-702ADFFA9FF9}
	EndGlobalSection
EndGlobal
